// !$*UTF8*$!
{
	archiveVersion = 1;
	classes = {
	};
	objectVersion = 46;
	objects = {

/* Begin PBXBuildFile section */
		9A0A7D8A1DA14E0D0016CCDA /* main.cpp in Sources */ = {isa = PBXBuildFile; fileRef = 9A0A7D891DA14E0D0016CCDA /* main.cpp */; };
		9A0A7D9B1DA14E560016CCDA /* Card.cpp in Sources */ = {isa = PBXBuildFile; fileRef = 9A0A7D901DA14E560016CCDA /* Card.cpp */; };
		9A0A7D9C1DA14E560016CCDA /* Deck.cpp in Sources */ = {isa = PBXBuildFile; fileRef = 9A0A7D921DA14E560016CCDA /* Deck.cpp */; };
		9A0A7D9D1DA14E560016CCDA /* Player.cpp in Sources */ = {isa = PBXBuildFile; fileRef = 9A0A7D951DA14E560016CCDA /* Player.cpp */; };
		9A0A7D9E1DA14E560016CCDA /* Round.cpp in Sources */ = {isa = PBXBuildFile; fileRef = 9A0A7D971DA14E560016CCDA /* Round.cpp */; };
		9A0A7D9F1DA14E560016CCDA /* Trick.cpp in Sources */ = {isa = PBXBuildFile; fileRef = 9A0A7D991DA14E560016CCDA /* Trick.cpp */; };
		9A65F3F81DA959100001ABB4 /* Game.cpp in Sources */ = {isa = PBXBuildFile; fileRef = 9A65F3F71DA959100001ABB4 /* Game.cpp */; };
/* End PBXBuildFile section */

/* Begin PBXCopyFilesBuildPhase section */
		9A0A7D841DA14E0D0016CCDA /* CopyFiles */ = {
			isa = PBXCopyFilesBuildPhase;
			buildActionMask = 2147483647;
			dstPath = /usr/share/man/man1/;
			dstSubfolderSpec = 0;
			files = (
			);
			runOnlyForDeploymentPostprocessing = 1;
		};
/* End PBXCopyFilesBuildPhase section */

/* Begin PBXFileReference section */
		9A0A7D861DA14E0D0016CCDA /* EuchreTest */ = {isa = PBXFileReference; explicitFileType = "compiled.mach-o.executable"; includeInIndex = 0; path = EuchreTest; sourceTree = BUILT_PRODUCTS_DIR; };
		9A0A7D891DA14E0D0016CCDA /* main.cpp */ = {isa = PBXFileReference; lastKnownFileType = sourcecode.cpp.cpp; path = main.cpp; sourceTree = "<group>"; };
		9A0A7D901DA14E560016CCDA /* Card.cpp */ = {isa = PBXFileReference; fileEncoding = 4; lastKnownFileType = sourcecode.cpp.cpp; path = Card.cpp; sourceTree = "<group>"; };
		9A0A7D911DA14E560016CCDA /* Card.h */ = {isa = PBXFileReference; fileEncoding = 4; lastKnownFileType = sourcecode.c.h; path = Card.h; sourceTree = "<group>"; };
		9A0A7D921DA14E560016CCDA /* Deck.cpp */ = {isa = PBXFileReference; fileEncoding = 4; lastKnownFileType = sourcecode.cpp.cpp; path = Deck.cpp; sourceTree = "<group>"; };
		9A0A7D931DA14E560016CCDA /* Deck.h */ = {isa = PBXFileReference; fileEncoding = 4; lastKnownFileType = sourcecode.c.h; path = Deck.h; sourceTree = "<group>"; };
		9A0A7D941DA14E560016CCDA /* Game.h */ = {isa = PBXFileReference; fileEncoding = 4; lastKnownFileType = sourcecode.c.h; path = Game.h; sourceTree = "<group>"; };
		9A0A7D951DA14E560016CCDA /* Player.cpp */ = {isa = PBXFileReference; fileEncoding = 4; lastKnownFileType = sourcecode.cpp.cpp; path = Player.cpp; sourceTree = "<group>"; };
		9A0A7D961DA14E560016CCDA /* Player.h */ = {isa = PBXFileReference; fileEncoding = 4; lastKnownFileType = sourcecode.c.h; path = Player.h; sourceTree = "<group>"; };
		9A0A7D971DA14E560016CCDA /* Round.cpp */ = {isa = PBXFileReference; fileEncoding = 4; lastKnownFileType = sourcecode.cpp.cpp; path = Round.cpp; sourceTree = "<group>"; };
		9A0A7D981DA14E560016CCDA /* Round.h */ = {isa = PBXFileReference; fileEncoding = 4; lastKnownFileType = sourcecode.c.h; path = Round.h; sourceTree = "<group>"; };
		9A0A7D991DA14E560016CCDA /* Trick.cpp */ = {isa = PBXFileReference; fileEncoding = 4; lastKnownFileType = sourcecode.cpp.cpp; path = Trick.cpp; sourceTree = "<group>"; };
		9A0A7D9A1DA14E560016CCDA /* Trick.h */ = {isa = PBXFileReference; fileEncoding = 4; lastKnownFileType = sourcecode.c.h; path = Trick.h; sourceTree = "<group>"; };
		9A65F3F71DA959100001ABB4 /* Game.cpp */ = {isa = PBXFileReference; fileEncoding = 4; lastKnownFileType = sourcecode.cpp.cpp; path = Game.cpp; sourceTree = "<group>"; };
/* End PBXFileReference section */

/* Begin PBXFrameworksBuildPhase section */
		9A0A7D831DA14E0D0016CCDA /* Frameworks */ = {
			isa = PBXFrameworksBuildPhase;
			buildActionMask = 2147483647;
			files = (
			);
			runOnlyForDeploymentPostprocessing = 0;
		};
/* End PBXFrameworksBuildPhase section */

/* Begin PBXGroup section */
		9A0A7D7D1DA14E0D0016CCDA = {
			isa = PBXGroup;
			children = (
				9A0A7D881DA14E0D0016CCDA /* EuchreTest */,
				9A0A7D871DA14E0D0016CCDA /* Products */,
			);
			sourceTree = "<group>";
		};
		9A0A7D871DA14E0D0016CCDA /* Products */ = {
			isa = PBXGroup;
			children = (
				9A0A7D861DA14E0D0016CCDA /* EuchreTest */,
			);
			name = Products;
			sourceTree = "<group>";
		};
		9A0A7D881DA14E0D0016CCDA /* EuchreTest */ = {
			isa = PBXGroup;
			children = (
				9A0A7D891DA14E0D0016CCDA /* main.cpp */,
				9A0A7D901DA14E560016CCDA /* Card.cpp */,
				9A0A7D911DA14E560016CCDA /* Card.h */,
				9A0A7D921DA14E560016CCDA /* Deck.cpp */,
				9A0A7D931DA14E560016CCDA /* Deck.h */,
				9A65F3F71DA959100001ABB4 /* Game.cpp */,
				9A0A7D941DA14E560016CCDA /* Game.h */,
				9A0A7D951DA14E560016CCDA /* Player.cpp */,
				9A0A7D961DA14E560016CCDA /* Player.h */,
				9A0A7D971DA14E560016CCDA /* Round.cpp */,
				9A0A7D981DA14E560016CCDA /* Round.h */,
				9A0A7D991DA14E560016CCDA /* Trick.cpp */,
				9A0A7D9A1DA14E560016CCDA /* Trick.h */,
			);
			path = EuchreTest;
			sourceTree = "<group>";
		};
/* End PBXGroup section */

/* Begin PBXNativeTarget section */
		9A0A7D851DA14E0D0016CCDA /* EuchreTest */ = {
			isa = PBXNativeTarget;
			buildConfigurationList = 9A0A7D8D1DA14E0D0016CCDA /* Build configuration list for PBXNativeTarget "EuchreTest" */;
			buildPhases = (
				9A0A7D821DA14E0D0016CCDA /* Sources */,
				9A0A7D831DA14E0D0016CCDA /* Frameworks */,
				9A0A7D841DA14E0D0016CCDA /* CopyFiles */,
			);
			buildRules = (
			);
			dependencies = (
			);
			name = EuchreTest;
			productName = EuchreTest;
			productReference = 9A0A7D861DA14E0D0016CCDA /* EuchreTest */;
			productType = "com.apple.product-type.tool";
		};
/* End PBXNativeTarget section */

/* Begin PBXProject section */
		9A0A7D7E1DA14E0D0016CCDA /* Project object */ = {
			isa = PBXProject;
			attributes = {
				LastUpgradeCheck = 0730;
				ORGANIZATIONNAME = "Tyler Rose";
				TargetAttributes = {
					9A0A7D851DA14E0D0016CCDA = {
						CreatedOnToolsVersion = 7.3;
					};
				};
			};
			buildConfigurationList = 9A0A7D811DA14E0D0016CCDA /* Build configuration list for PBXProject "EuchreTest" */;
			compatibilityVersion = "Xcode 3.2";
			developmentRegion = English;
			hasScannedForEncodings = 0;
			knownRegions = (
				en,
			);
			mainGroup = 9A0A7D7D1DA14E0D0016CCDA;
			productRefGroup = 9A0A7D871DA14E0D0016CCDA /* Products */;
			projectDirPath = "";
			projectRoot = "";
			targets = (
				9A0A7D851DA14E0D0016CCDA /* EuchreTest */,
			);
		};
/* End PBXProject section */

/* Begin PBXSourcesBuildPhase section */
		9A0A7D821DA14E0D0016CCDA /* Sources */ = {
			isa = PBXSourcesBuildPhase;
			buildActionMask = 2147483647;
			files = (
				9A0A7D9D1DA14E560016CCDA /* Player.cpp in Sources */,
				9A0A7D9C1DA14E560016CCDA /* Deck.cpp in Sources */,
				9A0A7D9E1DA14E560016CCDA /* Round.cpp in Sources */,
				9A0A7D9F1DA14E560016CCDA /* Trick.cpp in Sources */,
				9A0A7D8A1DA14E0D0016CCDA /* main.cpp in Sources */,
				9A0A7D9B1DA14E560016CCDA /* Card.cpp in Sources */,
				9A65F3F81DA959100001ABB4 /* Game.cpp in Sources */,
			);
			runOnlyForDeploymentPostprocessing = 0;
		};
/* End PBXSourcesBuildPhase section */

/* Begin XCBuildConfiguration section */
		9A0A7D8B1DA14E0D0016CCDA /* Debug */ = {
			isa = XCBuildConfiguration;
			buildSettings = {
				ALWAYS_SEARCH_USER_PATHS = NO;
				CLANG_ANALYZER_NONNULL = YES;
				CLANG_CXX_LANGUAGE_STANDARD = "gnu++0x";
				CLANG_CXX_LIBRARY = "libc++";
				CLANG_ENABLE_MODULES = YES;
				CLANG_ENABLE_OBJC_ARC = YES;
				CLANG_WARN_BOOL_CONVERSION = YES;
				CLANG_WARN_CONSTANT_CONVERSION = YES;
				CLANG_WARN_DIRECT_OBJC_ISA_USAGE = YES_ERROR;
				CLANG_WARN_EMPTY_BODY = YES;
				CLANG_WARN_ENUM_CONVERSION = YES;
				CLANG_WARN_INT_CONVERSION = YES;
				CLANG_WARN_OBJC_ROOT_CLASS = YES_ERROR;
				CLANG_WARN_UNREACHABLE_CODE = YES;
				CLANG_WARN__DUPLICATE_METHOD_MATCH = YES;
				CODE_SIGN_IDENTITY = "-";
				COPY_PHASE_STRIP = NO;
				DEBUG_INFORMATION_FORMAT = dwarf;
				ENABLE_STRICT_OBJC_MSGSEND = YES;
				ENABLE_TESTABILITY = YES;
				GCC_C_LANGUAGE_STANDARD = gnu99;
				GCC_DYNAMIC_NO_PIC = NO;
				GCC_NO_COMMON_BLOCKS = YES;
				GCC_OPTIMIZATION_LEVEL = 0;
				GCC_PREPROCESSOR_DEFINITIONS = (
					"DEBUG=1",
					"$(inherited)",
				);
				GCC_WARN_64_TO_32_BIT_CONVERSION = YES;
				GCC_WARN_ABOUT_RETURN_TYPE = YES_ERROR;
				GCC_WARN_UNDECLARED_SELECTOR = YES;
				GCC_WARN_UNINITIALIZED_AUTOS = YES_AGGRESSIVE;
				GCC_WARN_UNUSED_FUNCTION = YES;
				GCC_WARN_UNUSED_VARIABLE = YES;
				MACOSX_DEPLOYMENT_TARGET = 10.12;
				MTL_ENABLE_DEBUG_INFO = YES;
				ONLY_ACTIVE_ARCH = YES;
				SDKROOT = macosx;
			};
			name = Debug;
		};
		9A0A7D8C1DA14E0D0016CCDA /* Release */ = {
			isa = XCBuildConfiguration;
			buildSettings = {
				ALWAYS_SEARCH_USER_PATHS = NO;
				CLANG_ANALYZER_NONNULL = YES;
				CLANG_CXX_LANGUAGE_STANDARD = "gnu++0x";
				CLANG_CXX_LIBRARY = "libc++";
				CLANG_ENABLE_MODULES = YES;
				CLANG_ENABLE_OBJC_ARC = YES;
				CLANG_WARN_BOOL_CONVERSION = YES;
				CLANG_WARN_CONSTANT_CONVERSION = YES;
				CLANG_WARN_DIRECT_OBJC_ISA_USAGE = YES_ERROR;
				CLANG_WARN_EMPTY_BODY = YES;
				CLANG_WARN_ENUM_CONVERSION = YES;
				CLANG_WARN_INT_CONVERSION = YES;
				CLANG_WARN_OBJC_ROOT_CLASS = YES_ERROR;
				CLANG_WARN_UNREACHABLE_CODE = YES;
				CLANG_WARN__DUPLICATE_METHOD_MATCH = YES;
				CODE_SIGN_IDENTITY = "-";
				COPY_PHASE_STRIP = NO;
				DEBUG_INFORMATION_FORMAT = "dwarf-with-dsym";
				ENABLE_NS_ASSERTIONS = NO;
				ENABLE_STRICT_OBJC_MSGSEND = YES;
				GCC_C_LANGUAGE_STANDARD = gnu99;
				GCC_NO_COMMON_BLOCKS = YES;
				GCC_WARN_64_TO_32_BIT_CONVERSION = YES;
				GCC_WARN_ABOUT_RETURN_TYPE = YES_ERROR;
				GCC_WARN_UNDECLARED_SELECTOR = YES;
				GCC_WARN_UNINITIALIZED_AUTOS = YES_AGGRESSIVE;
				GCC_WARN_UNUSED_FUNCTION = YES;
				GCC_WARN_UNUSED_VARIABLE = YES;
				MACOSX_DEPLOYMENT_TARGET = 10.12;
				MTL_ENABLE_DEBUG_INFO = NO;
				SDKROOT = macosx;
			};
			name = Release;
		};
		9A0A7D8E1DA14E0D0016CCDA /* Debug */ = {
			isa = XCBuildConfiguration;
			buildSettings = {
				PRODUCT_NAME = "$(TARGET_NAME)";
			};
			name = Debug;
		};
		9A0A7D8F1DA14E0D0016CCDA /* Release */ = {
			isa = XCBuildConfiguration;
			buildSettings = {
				PRODUCT_NAME = "$(TARGET_NAME)";
			};
			name = Release;
		};
/* End XCBuildConfiguration section */

/* Begin XCConfigurationList section */
		9A0A7D811DA14E0D0016CCDA /* Build configuration list for PBXProject "EuchreTest" */ = {
			isa = XCConfigurationList;
			buildConfigurations = (
				9A0A7D8B1DA14E0D0016CCDA /* Debug */,
				9A0A7D8C1DA14E0D0016CCDA /* Release */,
			);
			defaultConfigurationIsVisible = 0;
			defaultConfigurationName = Release;
		};
		9A0A7D8D1DA14E0D0016CCDA /* Build configuration list for PBXNativeTarget "EuchreTest" */ = {
			isa = XCConfigurationList;
			buildConfigurations = (
				9A0A7D8E1DA14E0D0016CCDA /* Debug */,
				9A0A7D8F1DA14E0D0016CCDA /* Release */,
			);
			defaultConfigurationIsVisible = 0;
			defaultConfigurationName = Release;
		};
/* End XCConfigurationList section */
	};
	rootObject = 9A0A7D7E1DA14E0D0016CCDA /* Project object */;
}
